
Microsoft Visual Studio Solution File, Format Version 12.00
# Visual Studio Version 17
VisualStudioVersion = 17.0.31919.166
MinimumVisualStudioVersion = 10.0.40219.1
Project("{FAE04EC0-301F-11D3-BF4B-00C04F79EFBC}") = "Demo_Benchmarking_NET", "Demo_Benchmarking_NET\Demo_Benchmarking_NET.csproj", "{18573984-4BA4-4E14-BFD2-2D82E0C6450C}"
EndProject
Global
	GlobalSection(SolutionConfigurationPlatforms) = preSolution
		Debug|Any CPU = Debug|Any CPU
		Release|Any CPU = Release|Any CPU
	EndGlobalSection
	GlobalSection(ProjectConfigurationPlatforms) = postSolution
		{18573984-4BA4-4E14-BFD2-2D82E0C6450C}.Debug|Any CPU.ActiveCfg = Debug|Any CPU
		{18573984-4BA4-4E14-BFD2-2D82E0C6450C}.Debug|Any CPU.Build.0 = Debug|Any CPU
		{18573984-4BA4-4E14-BFD2-2D82E0C6450C}.Release|Any CPU.ActiveCfg = Release|Any CPU
		{18573984-4BA4-4E14-BFD2-2D82E0C6450C}.Release|Any CPU.Build.0 = Release|Any CPU
	EndGlobalSection
	GlobalSection(SolutionProperties) = preSolution
		HideSolutionNode = FALSE
	EndGlobalSection
	GlobalSection(ExtensibilityGlobals) = postSolution
		SolutionGuid = {C01D4AA5-600E-463E-97EC-BEA2C1140D61}
	EndGlobalSection
EndGlobal
